// !$*UTF8*$!
{
	archiveVersion = 1;
	classes = {
	};
	objectVersion = 60;
	objects = {

/* Begin PBXBuildFile section */
		41AED27D2BA87EA500DBBB0C /* AppDelegate.swift in Sources */ = {isa = PBXBuildFile; fileRef = 41AED27C2BA87EA500DBBB0C /* AppDelegate.swift */; };
		41AED27F2BA87EA500DBBB0C /* SceneDelegate.swift in Sources */ = {isa = PBXBuildFile; fileRef = 41AED27E2BA87EA500DBBB0C /* SceneDelegate.swift */; };
		41AED2812BA87EA500DBBB0C /* ViewController.swift in Sources */ = {isa = PBXBuildFile; fileRef = 41AED2802BA87EA500DBBB0C /* ViewController.swift */; };
		41AED2842BA87EA500DBBB0C /* Main.storyboard in Resources */ = {isa = PBXBuildFile; fileRef = 41AED2822BA87EA500DBBB0C /* Main.storyboard */; };
		41AED2862BA87EA600DBBB0C /* Assets.xcassets in Resources */ = {isa = PBXBuildFile; fileRef = 41AED2852BA87EA600DBBB0C /* Assets.xcassets */; };
		41AED2892BA87EA600DBBB0C /* LaunchScreen.storyboard in Resources */ = {isa = PBXBuildFile; fileRef = 41AED2872BA87EA600DBBB0C /* LaunchScreen.storyboard */; };
		41AED2952BA9A92100DBBB0C /* Montserrat-Regular.ttf in Resources */ = {isa = PBXBuildFile; fileRef = 41AED2942BA9A92100DBBB0C /* Montserrat-Regular.ttf */; };
		41AED2982BA9A9B100DBBB0C /* Montserrat-Medium.ttf in Resources */ = {isa = PBXBuildFile; fileRef = 41AED2972BA9A9B100DBBB0C /* Montserrat-Medium.ttf */; };
		41AED29A2BA9A9BA00DBBB0C /* Montserrat-Light.ttf in Resources */ = {isa = PBXBuildFile; fileRef = 41AED2992BA9A9BA00DBBB0C /* Montserrat-Light.ttf */; };
		41AED29C2BA9BAF900DBBB0C /* CoinManager.swift in Sources */ = {isa = PBXBuildFile; fileRef = 41AED29B2BA9BAF900DBBB0C /* CoinManager.swift */; };
		41AED29E2BAC568D00DBBB0C /* CurrencyData.swift in Sources */ = {isa = PBXBuildFile; fileRef = 41AED29D2BAC568D00DBBB0C /* CurrencyData.swift */; };
/* End PBXBuildFile section */

/* Begin PBXFileReference section */
		41AED2792BA87EA500DBBB0C /* Bitcoin.app */ = {isa = PBXFileReference; explicitFileType = wrapper.application; includeInIndex = 0; path = Bitcoin.app; sourceTree = BUILT_PRODUCTS_DIR; };
		41AED27C2BA87EA500DBBB0C /* AppDelegate.swift */ = {isa = PBXFileReference; lastKnownFileType = sourcecode.swift; path = AppDelegate.swift; sourceTree = "<group>"; };
		41AED27E2BA87EA500DBBB0C /* SceneDelegate.swift */ = {isa = PBXFileReference; lastKnownFileType = sourcecode.swift; path = SceneDelegate.swift; sourceTree = "<group>"; };
		41AED2802BA87EA500DBBB0C /* ViewController.swift */ = {isa = PBXFileReference; lastKnownFileType = sourcecode.swift; path = ViewController.swift; sourceTree = "<group>"; };
		41AED2832BA87EA500DBBB0C /* Base */ = {isa = PBXFileReference; lastKnownFileType = file.storyboard; name = Base; path = Base.lproj/Main.storyboard; sourceTree = "<group>"; };
		41AED2852BA87EA600DBBB0C /* Assets.xcassets */ = {isa = PBXFileReference; lastKnownFileType = folder.assetcatalog; path = Assets.xcassets; sourceTree = "<group>"; };
		41AED2882BA87EA600DBBB0C /* Base */ = {isa = PBXFileReference; lastKnownFileType = file.storyboard; name = Base; path = Base.lproj/LaunchScreen.storyboard; sourceTree = "<group>"; };
		41AED28A2BA87EA600DBBB0C /* Info.plist */ = {isa = PBXFileReference; lastKnownFileType = text.plist.xml; path = Info.plist; sourceTree = "<group>"; };
		41AED2942BA9A92100DBBB0C /* Montserrat-Regular.ttf */ = {isa = PBXFileReference; lastKnownFileType = file; path = "Montserrat-Regular.ttf"; sourceTree = "<group>"; };
		41AED2972BA9A9B100DBBB0C /* Montserrat-Medium.ttf */ = {isa = PBXFileReference; lastKnownFileType = file; path = "Montserrat-Medium.ttf"; sourceTree = "<group>"; };
		41AED2992BA9A9BA00DBBB0C /* Montserrat-Light.ttf */ = {isa = PBXFileReference; lastKnownFileType = file; path = "Montserrat-Light.ttf"; sourceTree = "<group>"; };
		41AED29B2BA9BAF900DBBB0C /* CoinManager.swift */ = {isa = PBXFileReference; lastKnownFileType = sourcecode.swift; path = CoinManager.swift; sourceTree = "<group>"; };
		41AED29D2BAC568D00DBBB0C /* CurrencyData.swift */ = {isa = PBXFileReference; lastKnownFileType = sourcecode.swift; path = CurrencyData.swift; sourceTree = "<group>"; };
/* End PBXFileReference section */

/* Begin PBXFrameworksBuildPhase section */
		41AED2762BA87EA500DBBB0C /* Frameworks */ = {
			isa = PBXFrameworksBuildPhase;
			buildActionMask = 2147483647;
			files = (
			);
			runOnlyForDeploymentPostprocessing = 0;
		};
/* End PBXFrameworksBuildPhase section */

/* Begin PBXGroup section */
		41AED2702BA87EA500DBBB0C = {
			isa = PBXGroup;
			children = (
				41AED27B2BA87EA500DBBB0C /* Bitcoin */,
				41AED27A2BA87EA500DBBB0C /* Products */,
			);
			sourceTree = "<group>";
		};
		41AED27A2BA87EA500DBBB0C /* Products */ = {
			isa = PBXGroup;
			children = (
				41AED2792BA87EA500DBBB0C /* Bitcoin.app */,
			);
			name = Products;
			sourceTree = "<group>";
		};
		41AED27B2BA87EA500DBBB0C /* Bitcoin */ = {
			isa = PBXGroup;
			children = (
				41AED2962BA9A92600DBBB0C /* Font */,
				41AED27C2BA87EA500DBBB0C /* AppDelegate.swift */,
				41AED27E2BA87EA500DBBB0C /* SceneDelegate.swift */,
				41AED2932BA8804600DBBB0C /* Model */,
				41AED2912BA87F5F00DBBB0C /* Controller */,
				41AED2902BA87F3100DBBB0C /* View */,
				41AED2852BA87EA600DBBB0C /* Assets.xcassets */,
				41AED2872BA87EA600DBBB0C /* LaunchScreen.storyboard */,
				41AED28A2BA87EA600DBBB0C /* Info.plist */,
			);
			path = Bitcoin;
			sourceTree = "<group>";
		};
		41AED2902BA87F3100DBBB0C /* View */ = {
			isa = PBXGroup;
			children = (
				41AED2822BA87EA500DBBB0C /* Main.storyboard */,
			);
			path = View;
			sourceTree = "<group>";
		};
		41AED2912BA87F5F00DBBB0C /* Controller */ = {
			isa = PBXGroup;
			children = (
				41AED2802BA87EA500DBBB0C /* ViewController.swift */,
			);
			path = Controller;
			sourceTree = "<group>";
		};
		41AED2932BA8804600DBBB0C /* Model */ = {
			isa = PBXGroup;
			children = (
				41AED29B2BA9BAF900DBBB0C /* CoinManager.swift */,
				41AED29D2BAC568D00DBBB0C /* CurrencyData.swift */,
			);
			name = Model;
			path = Controller/Model;
			sourceTree = "<group>";
		};
		41AED2962BA9A92600DBBB0C /* Font */ = {
			isa = PBXGroup;
			children = (
				41AED2972BA9A9B100DBBB0C /* Montserrat-Medium.ttf */,
				41AED2942BA9A92100DBBB0C /* Montserrat-Regular.ttf */,
				41AED2992BA9A9BA00DBBB0C /* Montserrat-Light.ttf */,
			);
			path = Font;
			sourceTree = "<group>";
		};
/* End PBXGroup section */

/* Begin PBXNativeTarget section */
		41AED2782BA87EA500DBBB0C /* Bitcoin */ = {
			isa = PBXNativeTarget;
			buildConfigurationList = 41AED28D2BA87EA600DBBB0C /* Build configuration list for PBXNativeTarget "Bitcoin" */;
			buildPhases = (
				41AED2752BA87EA500DBBB0C /* Sources */,
				41AED2762BA87EA500DBBB0C /* Frameworks */,
				41AED2772BA87EA500DBBB0C /* Resources */,
			);
			buildRules = (
			);
			dependencies = (
			);
			name = Bitcoin;
			productName = Bitcoin;
			productReference = 41AED2792BA87EA500DBBB0C /* Bitcoin.app */;
			productType = "com.apple.product-type.application";
		};
/* End PBXNativeTarget section */

/* Begin PBXProject section */
		41AED2712BA87EA500DBBB0C /* Project object */ = {
			isa = PBXProject;
			attributes = {
				BuildIndependentTargetsInParallel = 1;
				LastSwiftUpdateCheck = 1510;
				LastUpgradeCheck = 1510;
				TargetAttributes = {
					41AED2782BA87EA500DBBB0C = {
						CreatedOnToolsVersion = 15.1;
					};
				};
			};
			buildConfigurationList = 41AED2742BA87EA500DBBB0C /* Build configuration list for PBXProject "Bitcoin" */;
			compatibilityVersion = "Xcode 15.0";
			developmentRegion = en;
			hasScannedForEncodings = 0;
			knownRegions = (
				en,
				Base,
			);
			mainGroup = 41AED2702BA87EA500DBBB0C;
			productRefGroup = 41AED27A2BA87EA500DBBB0C /* Products */;
			projectDirPath = "";
			projectRoot = "";
			targets = (
				41AED2782BA87EA500DBBB0C /* Bitcoin */,
			);
		};
/* End PBXProject section */

/* Begin PBXResourcesBuildPhase section */
		41AED2772BA87EA500DBBB0C /* Resources */ = {
			isa = PBXResourcesBuildPhase;
			buildActionMask = 2147483647;
			files = (
				41AED29A2BA9A9BA00DBBB0C /* Montserrat-Light.ttf in Resources */,
				41AED2952BA9A92100DBBB0C /* Montserrat-Regular.ttf in Resources */,
				41AED2982BA9A9B100DBBB0C /* Montserrat-Medium.ttf in Resources */,
				41AED2892BA87EA600DBBB0C /* LaunchScreen.storyboard in Resources */,
				41AED2862BA87EA600DBBB0C /* Assets.xcassets in Resources */,
				41AED2842BA87EA500DBBB0C /* Main.storyboard in Resources */,
			);
			runOnlyForDeploymentPostprocessing = 0;
		};
/* End PBXResourcesBuildPhase section */

/* Begin PBXSourcesBuildPhase section */
		41AED2752BA87EA500DBBB0C /* Sources */ = {
			isa = PBXSourcesBuildPhase;
			buildActionMask = 2147483647;
			files = (
				41AED29C2BA9BAF900DBBB0C /* CoinManager.swift in Sources */,
				41AED2812BA87EA500DBBB0C /* ViewController.swift in Sources */,
				41AED27D2BA87EA500DBBB0C /* AppDelegate.swift in Sources */,
				41AED29E2BAC568D00DBBB0C /* CurrencyData.swift in Sources */,
				41AED27F2BA87EA500DBBB0C /* SceneDelegate.swift in Sources */,
			);
			runOnlyForDeploymentPostprocessing = 0;
		};
/* End PBXSourcesBuildPhase section */

/* Begin PBXVariantGroup section */
		41AED2822BA87EA500DBBB0C /* Main.storyboard */ = {
			isa = PBXVariantGroup;
			children = (
				41AED2832BA87EA500DBBB0C /* Base */,
			);
			name = Main.storyboard;
			sourceTree = "<group>";
		};
		41AED2872BA87EA600DBBB0C /* LaunchScreen.storyboard */ = {
			isa = PBXVariantGroup;
			children = (
				41AED2882BA87EA600DBBB0C /* Base */,
			);
			name = LaunchScreen.storyboard;
			sourceTree = "<group>";
		};
/* End PBXVariantGroup section */

/* Begin XCBuildConfiguration section */
		41AED28B2BA87EA600DBBB0C /* Debug */ = {
			isa = XCBuildConfiguration;
			buildSettings = {
				ALWAYS_SEARCH_USER_PATHS = NO;
				ASSETCATALOG_COMPILER_GENERATE_SWIFT_ASSET_SYMBOL_EXTENSIONS = YES;
				CLANG_ANALYZER_NONNULL = YES;
				CLANG_ANALYZER_NUMBER_OBJECT_CONVERSION = YES_AGGRESSIVE;
				CLANG_CXX_LANGUAGE_STANDARD = "gnu++20";
				CLANG_ENABLE_MODULES = YES;
				CLANG_ENABLE_OBJC_ARC = YES;
				CLANG_ENABLE_OBJC_WEAK = YES;
				CLANG_WARN_BLOCK_CAPTURE_AUTORELEASING = YES;
				CLANG_WARN_BOOL_CONVERSION = YES;
				CLANG_WARN_COMMA = YES;
				CLANG_WARN_CONSTANT_CONVERSION = YES;
				CLANG_WARN_DEPRECATED_OBJC_IMPLEMENTATIONS = YES;
				CLANG_WARN_DIRECT_OBJC_ISA_USAGE = YES_ERROR;
				CLANG_WARN_DOCUMENTATION_COMMENTS = YES;
				CLANG_WARN_EMPTY_BODY = YES;
				CLANG_WARN_ENUM_CONVERSION = YES;
				CLANG_WARN_INFINITE_RECURSION = YES;
				CLANG_WARN_INT_CONVERSION = YES;
				CLANG_WARN_NON_LITERAL_NULL_CONVERSION = YES;
				CLANG_WARN_OBJC_IMPLICIT_RETAIN_SELF = YES;
				CLANG_WARN_OBJC_LITERAL_CONVERSION = YES;
				CLANG_WARN_OBJC_ROOT_CLASS = YES_ERROR;
				CLANG_WARN_QUOTED_INCLUDE_IN_FRAMEWORK_HEADER = YES;
				CLANG_WARN_RANGE_LOOP_ANALYSIS = YES;
				CLANG_WARN_STRICT_PROTOTYPES = YES;
				CLANG_WARN_SUSPICIOUS_MOVE = YES;
				CLANG_WARN_UNGUARDED_AVAILABILITY = YES_AGGRESSIVE;
				CLANG_WARN_UNREACHABLE_CODE = YES;
				CLANG_WARN__DUPLICATE_METHOD_MATCH = YES;
				COPY_PHASE_STRIP = NO;
				DEBUG_INFORMATION_FORMAT = dwarf;
				ENABLE_STRICT_OBJC_MSGSEND = YES;
				ENABLE_TESTABILITY = YES;
				ENABLE_USER_SCRIPT_SANDBOXING = YES;
				GCC_C_LANGUAGE_STANDARD = gnu17;
				GCC_DYNAMIC_NO_PIC = NO;
				GCC_NO_COMMON_BLOCKS = YES;
				GCC_OPTIMIZATION_LEVEL = 0;
				GCC_PREPROCESSOR_DEFINITIONS = (
					"DEBUG=1",
					"$(inherited)",
				);
				GCC_WARN_64_TO_32_BIT_CONVERSION = YES;
				GCC_WARN_ABOUT_RETURN_TYPE = YES_ERROR;
				GCC_WARN_UNDECLARED_SELECTOR = YES;
				GCC_WARN_UNINITIALIZED_AUTOS = YES_AGGRESSIVE;
				GCC_WARN_UNUSED_FUNCTION = YES;
				GCC_WARN_UNUSED_VARIABLE = YES;
				IPHONEOS_DEPLOYMENT_TARGET = 17.2;
				LOCALIZATION_PREFERS_STRING_CATALOGS = YES;
				MTL_ENABLE_DEBUG_INFO = INCLUDE_SOURCE;
				MTL_FAST_MATH = YES;
				ONLY_ACTIVE_ARCH = YES;
				SDKROOT = iphoneos;
				SWIFT_ACTIVE_COMPILATION_CONDITIONS = "DEBUG $(inherited)";
				SWIFT_OPTIMIZATION_LEVEL = "-Onone";
			};
			name = Debug;
		};
		41AED28C2BA87EA600DBBB0C /* Release */ = {
			isa = XCBuildConfiguration;
			buildSettings = {
				ALWAYS_SEARCH_USER_PATHS = NO;
				ASSETCATALOG_COMPILER_GENERATE_SWIFT_ASSET_SYMBOL_EXTENSIONS = YES;
				CLANG_ANALYZER_NONNULL = YES;
				CLANG_ANALYZER_NUMBER_OBJECT_CONVERSION = YES_AGGRESSIVE;
				CLANG_CXX_LANGUAGE_STANDARD = "gnu++20";
				CLANG_ENABLE_MODULES = YES;
				CLANG_ENABLE_OBJC_ARC = YES;
				CLANG_ENABLE_OBJC_WEAK = YES;
				CLANG_WARN_BLOCK_CAPTURE_AUTORELEASING = YES;
				CLANG_WARN_BOOL_CONVERSION = YES;
				CLANG_WARN_COMMA = YES;
				CLANG_WARN_CONSTANT_CONVERSION = YES;
				CLANG_WARN_DEPRECATED_OBJC_IMPLEMENTATIONS = YES;
				CLANG_WARN_DIRECT_OBJC_ISA_USAGE = YES_ERROR;
				CLANG_WARN_DOCUMENTATION_COMMENTS = YES;
				CLANG_WARN_EMPTY_BODY = YES;
				CLANG_WARN_ENUM_CONVERSION = YES;
				CLANG_WARN_INFINITE_RECURSION = YES;
				CLANG_WARN_INT_CONVERSION = YES;
				CLANG_WARN_NON_LITERAL_NULL_CONVERSION = YES;
				CLANG_WARN_OBJC_IMPLICIT_RETAIN_SELF = YES;
				CLANG_WARN_OBJC_LITERAL_CONVERSION = YES;
				CLANG_WARN_OBJC_ROOT_CLASS = YES_ERROR;
				CLANG_WARN_QUOTED_INCLUDE_IN_FRAMEWORK_HEADER = YES;
				CLANG_WARN_RANGE_LOOP_ANALYSIS = YES;
				CLANG_WARN_STRICT_PROTOTYPES = YES;
				CLANG_WARN_SUSPICIOUS_MOVE = YES;
				CLANG_WARN_UNGUARDED_AVAILABILITY = YES_AGGRESSIVE;
				CLANG_WARN_UNREACHABLE_CODE = YES;
				CLANG_WARN__DUPLICATE_METHOD_MATCH = YES;
				COPY_PHASE_STRIP = NO;
				DEBUG_INFORMATION_FORMAT = "dwarf-with-dsym";
				ENABLE_NS_ASSERTIONS = NO;
				ENABLE_STRICT_OBJC_MSGSEND = YES;
				ENABLE_USER_SCRIPT_SANDBOXING = YES;
				GCC_C_LANGUAGE_STANDARD = gnu17;
				GCC_NO_COMMON_BLOCKS = YES;
				GCC_WARN_64_TO_32_BIT_CONVERSION = YES;
				GCC_WARN_ABOUT_RETURN_TYPE = YES_ERROR;
				GCC_WARN_UNDECLARED_SELECTOR = YES;
				GCC_WARN_UNINITIALIZED_AUTOS = YES_AGGRESSIVE;
				GCC_WARN_UNUSED_FUNCTION = YES;
				GCC_WARN_UNUSED_VARIABLE = YES;
				IPHONEOS_DEPLOYMENT_TARGET = 17.2;
				LOCALIZATION_PREFERS_STRING_CATALOGS = YES;
				MTL_ENABLE_DEBUG_INFO = NO;
				MTL_FAST_MATH = YES;
				SDKROOT = iphoneos;
				SWIFT_COMPILATION_MODE = wholemodule;
				VALIDATE_PRODUCT = YES;
			};
			name = Release;
		};
		41AED28E2BA87EA600DBBB0C /* Debug */ = {
			isa = XCBuildConfiguration;
			buildSettings = {
				ASSETCATALOG_COMPILER_APPICON_NAME = AppIcon;
				ASSETCATALOG_COMPILER_GLOBAL_ACCENT_COLOR_NAME = AccentColor;
				CODE_SIGN_STYLE = Automatic;
				CURRENT_PROJECT_VERSION = 1;
				DEVELOPMENT_TEAM = DW68YKKXR2;
				GENERATE_INFOPLIST_FILE = YES;
				INFOPLIST_FILE = Bitcoin/Info.plist;
				INFOPLIST_KEY_UIApplicationSupportsIndirectInputEvents = YES;
				INFOPLIST_KEY_UILaunchStoryboardName = LaunchScreen;
				INFOPLIST_KEY_UIMainStoryboardFile = Main;
				INFOPLIST_KEY_UISupportedInterfaceOrientations = UIInterfaceOrientationPortrait;
				INFOPLIST_KEY_UISupportedInterfaceOrientations_iPad = "UIInterfaceOrientationLandscapeLeft UIInterfaceOrientationLandscapeRight UIInterfaceOrientationPortrait UIInterfaceOrientationPortraitUpsideDown";
				IPHONEOS_DEPLOYMENT_TARGET = 15.0;
				LD_RUNPATH_SEARCH_PATHS = (
					"$(inherited)",
					"@executable_path/Frameworks",
				);
				MARKETING_VERSION = 1.0;
				PRODUCT_BUNDLE_IDENTIFIER = com.seren.Bitcoin;
				PRODUCT_NAME = "$(TARGET_NAME)";
				SUPPORTED_PLATFORMS = "iphoneos iphonesimulator";
				SUPPORTS_MACCATALYST = NO;
				SUPPORTS_MAC_DESIGNED_FOR_IPHONE_IPAD = NO;
				SWIFT_EMIT_LOC_STRINGS = YES;
				SWIFT_VERSION = 5.0;
				TARGETED_DEVICE_FAMILY = 1;
			};
			name = Debug;
		};
		41AED28F2BA87EA600DBBB0C /* Release */ = {
			isa = XCBuildConfiguration;
			buildSettings = {
				ASSETCATALOG_COMPILER_APPICON_NAME = AppIcon;
				ASSETCATALOG_COMPILER_GLOBAL_ACCENT_COLOR_NAME = AccentColor;
				CODE_SIGN_STYLE = Automatic;
				CURRENT_PROJECT_VERSION = 1;
				DEVELOPMENT_TEAM = DW68YKKXR2;
				GENERATE_INFOPLIST_FILE = YES;
				INFOPLIST_FILE = Bitcoin/Info.plist;
				INFOPLIST_KEY_UIApplicationSupportsIndirectInputEvents = YES;
				INFOPLIST_KEY_UILaunchStoryboardName = LaunchScreen;
				INFOPLIST_KEY_UIMainStoryboardFile = Main;
				INFOPLIST_KEY_UISupportedInterfaceOrientations = UIInterfaceOrientationPortrait;
				INFOPLIST_KEY_UISupportedInterfaceOrientations_iPad = "UIInterfaceOrientationLandscapeLeft UIInterfaceOrientationLandscapeRight UIInterfaceOrientationPortrait UIInterfaceOrientationPortraitUpsideDown";
				IPHONEOS_DEPLOYMENT_TARGET = 15.0;
				LD_RUNPATH_SEARCH_PATHS = (
					"$(inherited)",
					"@executable_path/Frameworks",
				);
				MARKETING_VERSION = 1.0;
				PRODUCT_BUNDLE_IDENTIFIER = com.seren.Bitcoin;
				PRODUCT_NAME = "$(TARGET_NAME)";
				SUPPORTED_PLATFORMS = "iphoneos iphonesimulator";
				SUPPORTS_MACCATALYST = NO;
				SUPPORTS_MAC_DESIGNED_FOR_IPHONE_IPAD = NO;
				SWIFT_EMIT_LOC_STRINGS = YES;
				SWIFT_VERSION = 5.0;
				TARGETED_DEVICE_FAMILY = 1;
			};
			name = Release;
		};
/* End XCBuildConfiguration section */

/* Begin XCConfigurationList section */
		41AED2742BA87EA500DBBB0C /* Build configuration list for PBXProject "Bitcoin" */ = {
			isa = XCConfigurationList;
			buildConfigurations = (
				41AED28B2BA87EA600DBBB0C /* Debug */,
				41AED28C2BA87EA600DBBB0C /* Release */,
			);
			defaultConfigurationIsVisible = 0;
			defaultConfigurationName = Release;
		};
		41AED28D2BA87EA600DBBB0C /* Build configuration list for PBXNativeTarget "Bitcoin" */ = {
			isa = XCConfigurationList;
			buildConfigurations = (
				41AED28E2BA87EA600DBBB0C /* Debug */,
				41AED28F2BA87EA600DBBB0C /* Release */,
			);
			defaultConfigurationIsVisible = 0;
			defaultConfigurationName = Release;
		};
/* End XCConfigurationList section */
	};
	rootObject = 41AED2712BA87EA500DBBB0C /* Project object */;
}
